
Microsoft Visual Studio Solution File, Format Version 12.00
# Visual Studio Version 17
VisualStudioVersion = 17.1.32210.238
MinimumVisualStudioVersion = 10.0.40219.1
Project("{9A19103F-16F7-4668-BE54-9A1E7A4F7556}") = "FactoryMethod", "FactoryMethod\FactoryMethod.csproj", "{FD714164-B571-438D-A706-BCEA0F5AF22B}"
EndProject
Project("{9A19103F-16F7-4668-BE54-9A1E7A4F7556}") = "AbstractFactory", "AbstractFactory\AbstractFactory.csproj", "{8F75C9E6-4096-4724-8A49-5448424D3FE9}"
EndProject
Project("{9A19103F-16F7-4668-BE54-9A1E7A4F7556}") = "Builder", "Builder\Builder.csproj", "{7B668D2F-85E2-43B9-A271-71CEC18420E4}"
EndProject
Project("{9A19103F-16F7-4668-BE54-9A1E7A4F7556}") = "Prototype", "Prototype\Prototype.csproj", "{D59FBF78-2100-40F2-A08E-405B84F169ED}"
EndProject
Project("{2150E333-8FDC-42A3-9474-1A3956D46DE8}") = "Structural", "Structural", "{320927FA-BB97-4C55-8982-FDE75B44AA4F}"
EndProject
Project("{9A19103F-16F7-4668-BE54-9A1E7A4F7556}") = "Facade", "Facade\Facade.csproj", "{0D6B1782-3679-4A46-8815-A28759627A56}"
EndProject
Project("{2150E333-8FDC-42A3-9474-1A3956D46DE8}") = "Creational", "Creational", "{EF005472-C994-4ABB-A732-290ABB17817B}"
EndProject
Project("{9A19103F-16F7-4668-BE54-9A1E7A4F7556}") = "Singleton", "Singleton\Singleton.csproj", "{BB157C49-B53E-4A22-BB4A-929A8EC7D0AF}"
EndProject
Project("{FAE04EC0-301F-11D3-BF4B-00C04F79EFBC}") = "Adapter", "Adapter\Adapter.csproj", "{317F1BEA-B6DD-44A7-A0B6-9AF24D91AE99}"
EndProject
Project("{2150E333-8FDC-42A3-9474-1A3956D46DE8}") = "Behavioral", "Behavioral", "{8F8748F0-53DA-4E67-8910-D36CBCC79185}"
EndProject
Project("{FAE04EC0-301F-11D3-BF4B-00C04F79EFBC}") = "Strategy", "Strategy\Strategy.csproj", "{A98B9C01-EAA4-454D-9CAE-60C8F6FC232D}"
EndProject
Project("{FAE04EC0-301F-11D3-BF4B-00C04F79EFBC}") = "Decorator", "Decorator\Decorator.csproj", "{34D8583F-59B5-4436-8265-1EDCCE0A641F}"
EndProject
Project("{FAE04EC0-301F-11D3-BF4B-00C04F79EFBC}") = "Iterator", "Iterator\Iterator.csproj", "{8956E074-35E3-4F72-A0F9-2B98EAF84337}"
EndProject
Global
	GlobalSection(SolutionConfigurationPlatforms) = preSolution
		Debug|Any CPU = Debug|Any CPU
		Release|Any CPU = Release|Any CPU
	EndGlobalSection
	GlobalSection(ProjectConfigurationPlatforms) = postSolution
		{FD714164-B571-438D-A706-BCEA0F5AF22B}.Debug|Any CPU.ActiveCfg = Debug|Any CPU
		{FD714164-B571-438D-A706-BCEA0F5AF22B}.Debug|Any CPU.Build.0 = Debug|Any CPU
		{FD714164-B571-438D-A706-BCEA0F5AF22B}.Release|Any CPU.ActiveCfg = Release|Any CPU
		{FD714164-B571-438D-A706-BCEA0F5AF22B}.Release|Any CPU.Build.0 = Release|Any CPU
		{8F75C9E6-4096-4724-8A49-5448424D3FE9}.Debug|Any CPU.ActiveCfg = Debug|Any CPU
		{8F75C9E6-4096-4724-8A49-5448424D3FE9}.Debug|Any CPU.Build.0 = Debug|Any CPU
		{8F75C9E6-4096-4724-8A49-5448424D3FE9}.Release|Any CPU.ActiveCfg = Release|Any CPU
		{8F75C9E6-4096-4724-8A49-5448424D3FE9}.Release|Any CPU.Build.0 = Release|Any CPU
		{7B668D2F-85E2-43B9-A271-71CEC18420E4}.Debug|Any CPU.ActiveCfg = Debug|Any CPU
		{7B668D2F-85E2-43B9-A271-71CEC18420E4}.Debug|Any CPU.Build.0 = Debug|Any CPU
		{7B668D2F-85E2-43B9-A271-71CEC18420E4}.Release|Any CPU.ActiveCfg = Release|Any CPU
		{7B668D2F-85E2-43B9-A271-71CEC18420E4}.Release|Any CPU.Build.0 = Release|Any CPU
		{D59FBF78-2100-40F2-A08E-405B84F169ED}.Debug|Any CPU.ActiveCfg = Debug|Any CPU
		{D59FBF78-2100-40F2-A08E-405B84F169ED}.Debug|Any CPU.Build.0 = Debug|Any CPU
		{D59FBF78-2100-40F2-A08E-405B84F169ED}.Release|Any CPU.ActiveCfg = Release|Any CPU
		{D59FBF78-2100-40F2-A08E-405B84F169ED}.Release|Any CPU.Build.0 = Release|Any CPU
		{0D6B1782-3679-4A46-8815-A28759627A56}.Debug|Any CPU.ActiveCfg = Debug|Any CPU
		{0D6B1782-3679-4A46-8815-A28759627A56}.Debug|Any CPU.Build.0 = Debug|Any CPU
		{0D6B1782-3679-4A46-8815-A28759627A56}.Release|Any CPU.ActiveCfg = Release|Any CPU
		{0D6B1782-3679-4A46-8815-A28759627A56}.Release|Any CPU.Build.0 = Release|Any CPU
		{BB157C49-B53E-4A22-BB4A-929A8EC7D0AF}.Debug|Any CPU.ActiveCfg = Debug|Any CPU
		{BB157C49-B53E-4A22-BB4A-929A8EC7D0AF}.Debug|Any CPU.Build.0 = Debug|Any CPU
		{BB157C49-B53E-4A22-BB4A-929A8EC7D0AF}.Release|Any CPU.ActiveCfg = Release|Any CPU
		{BB157C49-B53E-4A22-BB4A-929A8EC7D0AF}.Release|Any CPU.Build.0 = Release|Any CPU
		{317F1BEA-B6DD-44A7-A0B6-9AF24D91AE99}.Debug|Any CPU.ActiveCfg = Debug|Any CPU
		{317F1BEA-B6DD-44A7-A0B6-9AF24D91AE99}.Debug|Any CPU.Build.0 = Debug|Any CPU
		{317F1BEA-B6DD-44A7-A0B6-9AF24D91AE99}.Release|Any CPU.ActiveCfg = Release|Any CPU
		{317F1BEA-B6DD-44A7-A0B6-9AF24D91AE99}.Release|Any CPU.Build.0 = Release|Any CPU
		{A98B9C01-EAA4-454D-9CAE-60C8F6FC232D}.Debug|Any CPU.ActiveCfg = Debug|Any CPU
		{A98B9C01-EAA4-454D-9CAE-60C8F6FC232D}.Debug|Any CPU.Build.0 = Debug|Any CPU
		{A98B9C01-EAA4-454D-9CAE-60C8F6FC232D}.Release|Any CPU.ActiveCfg = Release|Any CPU
		{A98B9C01-EAA4-454D-9CAE-60C8F6FC232D}.Release|Any CPU.Build.0 = Release|Any CPU
		{34D8583F-59B5-4436-8265-1EDCCE0A641F}.Debug|Any CPU.ActiveCfg = Debug|Any CPU
		{34D8583F-59B5-4436-8265-1EDCCE0A641F}.Debug|Any CPU.Build.0 = Debug|Any CPU
		{34D8583F-59B5-4436-8265-1EDCCE0A641F}.Release|Any CPU.ActiveCfg = Release|Any CPU
		{34D8583F-59B5-4436-8265-1EDCCE0A641F}.Release|Any CPU.Build.0 = Release|Any CPU
		{8956E074-35E3-4F72-A0F9-2B98EAF84337}.Debug|Any CPU.ActiveCfg = Debug|Any CPU
		{8956E074-35E3-4F72-A0F9-2B98EAF84337}.Debug|Any CPU.Build.0 = Debug|Any CPU
		{8956E074-35E3-4F72-A0F9-2B98EAF84337}.Release|Any CPU.ActiveCfg = Release|Any CPU
		{8956E074-35E3-4F72-A0F9-2B98EAF84337}.Release|Any CPU.Build.0 = Release|Any CPU
	EndGlobalSection
	GlobalSection(SolutionProperties) = preSolution
		HideSolutionNode = FALSE
	EndGlobalSection
	GlobalSection(NestedProjects) = preSolution
		{FD714164-B571-438D-A706-BCEA0F5AF22B} = {EF005472-C994-4ABB-A732-290ABB17817B}
		{8F75C9E6-4096-4724-8A49-5448424D3FE9} = {EF005472-C994-4ABB-A732-290ABB17817B}
		{7B668D2F-85E2-43B9-A271-71CEC18420E4} = {EF005472-C994-4ABB-A732-290ABB17817B}
		{D59FBF78-2100-40F2-A08E-405B84F169ED} = {EF005472-C994-4ABB-A732-290ABB17817B}
		{0D6B1782-3679-4A46-8815-A28759627A56} = {320927FA-BB97-4C55-8982-FDE75B44AA4F}
		{BB157C49-B53E-4A22-BB4A-929A8EC7D0AF} = {EF005472-C994-4ABB-A732-290ABB17817B}
		{317F1BEA-B6DD-44A7-A0B6-9AF24D91AE99} = {320927FA-BB97-4C55-8982-FDE75B44AA4F}
		{A98B9C01-EAA4-454D-9CAE-60C8F6FC232D} = {8F8748F0-53DA-4E67-8910-D36CBCC79185}
		{34D8583F-59B5-4436-8265-1EDCCE0A641F} = {320927FA-BB97-4C55-8982-FDE75B44AA4F}
		{8956E074-35E3-4F72-A0F9-2B98EAF84337} = {8F8748F0-53DA-4E67-8910-D36CBCC79185}
	EndGlobalSection
	GlobalSection(ExtensibilityGlobals) = postSolution
		SolutionGuid = {0E6F16BD-2666-4BD3-ADA8-A2D5CC6F0947}
	EndGlobalSection
EndGlobal
